{
  "originHash" : "0226bc5b57bdc8c703e0c2be6f5aae21dea7a997a81654b5636f8d9c98f72a42",
  "pins" : [
    {
      "identity" : "wallet-core",
      "kind" : "remoteSourceControl",
      "location" : "https://github.com/trustwallet/wallet-core",
      "state" : {
        "branch" : "master",
        "revision" : "3b6d7e8bc91172142e5671942ef2d520c202850c"
      }
    }
  ],
  "version" : 3
}
